// !$*UTF8*$!
{
	archiveVersion = 1;
	classes = {
	};
	objectVersion = 77;
	objects = {

/* Begin PBXBuildFile section */
		31132E9E2F15708900418E21 /* Cocoa.framework in Frameworks */ = {isa = PBXBuildFile; fileRef = 31132E9D2F15708900418E21 /* Cocoa.framework */; };
		31132EA02F15708900418E21 /* XcodeKit.framework in Frameworks */ = {isa = PBXBuildFile; fileRef = 31132E9F2F15708900418E21 /* XcodeKit.framework */; };
		31132EA92F15708900418E21 /* AppleiCode.appex in Embed Foundation Extensions */ = {isa = PBXBuildFile; fileRef = 31132E9B2F15708800418E21 /* AppleiCode.appex */; settings = {ATTRIBUTES = (RemoveHeadersOnCopy, ); }; };
/* End PBXBuildFile section */

/* Begin PBXContainerItemProxy section */
		31132EA72F15708900418E21 /* PBXContainerItemProxy */ = {
			isa = PBXContainerItemProxy;
			containerPortal = 31E5594B2F1503C800757A8D /* Project object */;
			proxyType = 1;
			remoteGlobalIDString = 31132E9A2F15708800418E21;
			remoteInfo = AppleiCode;
		};
		31E559612F1503CA00757A8D /* PBXContainerItemProxy */ = {
			isa = PBXContainerItemProxy;
			containerPortal = 31E5594B2F1503C800757A8D /* Project object */;
			proxyType = 1;
			remoteGlobalIDString = 31E559522F1503C800757A8D;
			remoteInfo = AppleiChat;
		};
		31E5596B2F1503CA00757A8D /* PBXContainerItemProxy */ = {
			isa = PBXContainerItemProxy;
			containerPortal = 31E5594B2F1503C800757A8D /* Project object */;
			proxyType = 1;
			remoteGlobalIDString = 31E559522F1503C800757A8D;
			remoteInfo = AppleiChat;
		};
/* End PBXContainerItemProxy section */

/* Begin PBXCopyFilesBuildPhase section */
		31132EAA2F15708900418E21 /* Embed Foundation Extensions */ = {
			isa = PBXCopyFilesBuildPhase;
			buildActionMask = 2147483647;
			dstPath = "";
			dstSubfolderSpec = 13;
			files = (
				31132EA92F15708900418E21 /* AppleiCode.appex in Embed Foundation Extensions */,
			);
			name = "Embed Foundation Extensions";
			runOnlyForDeploymentPostprocessing = 0;
		};
/* End PBXCopyFilesBuildPhase section */

/* Begin PBXFileReference section */
		31132E9B2F15708800418E21 /* AppleiCode.appex */ = {isa = PBXFileReference; explicitFileType = "wrapper.app-extension"; includeInIndex = 0; path = AppleiCode.appex; sourceTree = BUILT_PRODUCTS_DIR; };
		31132E9D2F15708900418E21 /* Cocoa.framework */ = {isa = PBXFileReference; lastKnownFileType = wrapper.framework; name = Cocoa.framework; path = System/Library/Frameworks/Cocoa.framework; sourceTree = SDKROOT; };
		31132E9F2F15708900418E21 /* XcodeKit.framework */ = {isa = PBXFileReference; lastKnownFileType = wrapper.framework; name = XcodeKit.framework; path = Library/Frameworks/XcodeKit.framework; sourceTree = DEVELOPER_DIR; };
		31E559532F1503C800757A8D /* AppleiChat.app */ = {isa = PBXFileReference; explicitFileType = wrapper.application; includeInIndex = 0; path = AppleiChat.app; sourceTree = BUILT_PRODUCTS_DIR; };
		31E559602F1503CA00757A8D /* AppleiChatTests.xctest */ = {isa = PBXFileReference; explicitFileType = wrapper.cfbundle; includeInIndex = 0; path = AppleiChatTests.xctest; sourceTree = BUILT_PRODUCTS_DIR; };
		31E5596A2F1503CA00757A8D /* AppleiChatUITests.xctest */ = {isa = PBXFileReference; explicitFileType = wrapper.cfbundle; includeInIndex = 0; path = AppleiChatUITests.xctest; sourceTree = BUILT_PRODUCTS_DIR; };
/* End PBXFileReference section */

/* Begin PBXFileSystemSynchronizedBuildFileExceptionSet section */
		31132EAD2F15708900418E21 /* Exceptions for "AppleiCode" folder in "AppleiCode" target */ = {
			isa = PBXFileSystemSynchronizedBuildFileExceptionSet;
			membershipExceptions = (
				Info.plist,
			);
			target = 31132E9A2F15708800418E21 /* AppleiCode */;
		};
/* End PBXFileSystemSynchronizedBuildFileExceptionSet section */

/* Begin PBXFileSystemSynchronizedRootGroup section */
		31132EA12F15708900418E21 /* AppleiCode */ = {
			isa = PBXFileSystemSynchronizedRootGroup;
			exceptions = (
				31132EAD2F15708900418E21 /* Exceptions for "AppleiCode" folder in "AppleiCode" target */,
			);
			path = AppleiCode;
			sourceTree = "<group>";
		};
		31E559552F1503C800757A8D /* AppleiChat */ = {
			isa = PBXFileSystemSynchronizedRootGroup;
			path = AppleiChat;
			sourceTree = "<group>";
		};
		31E559632F1503CA00757A8D /* AppleiChatTests */ = {
			isa = PBXFileSystemSynchronizedRootGroup;
			path = AppleiChatTests;
			sourceTree = "<group>";
		};
		31E5596D2F1503CA00757A8D /* AppleiChatUITests */ = {
			isa = PBXFileSystemSynchronizedRootGroup;
			path = AppleiChatUITests;
			sourceTree = "<group>";
		};
/* End PBXFileSystemSynchronizedRootGroup section */

/* Begin PBXFrameworksBuildPhase section */
		31132E982F15708800418E21 /* Frameworks */ = {
			isa = PBXFrameworksBuildPhase;
			buildActionMask = 2147483647;
			files = (
				31132E9E2F15708900418E21 /* Cocoa.framework in Frameworks */,
				31132EA02F15708900418E21 /* XcodeKit.framework in Frameworks */,
			);
			runOnlyForDeploymentPostprocessing = 0;
		};
		31E559502F1503C800757A8D /* Frameworks */ = {
			isa = PBXFrameworksBuildPhase;
			buildActionMask = 2147483647;
			files = (
			);
			runOnlyForDeploymentPostprocessing = 0;
		};
		31E5595D2F1503CA00757A8D /* Frameworks */ = {
			isa = PBXFrameworksBuildPhase;
			buildActionMask = 2147483647;
			files = (
			);
			runOnlyForDeploymentPostprocessing = 0;
		};
		31E559672F1503CA00757A8D /* Frameworks */ = {
			isa = PBXFrameworksBuildPhase;
			buildActionMask = 2147483647;
			files = (
			);
			runOnlyForDeploymentPostprocessing = 0;
		};
/* End PBXFrameworksBuildPhase section */

/* Begin PBXGroup section */
		31132E9C2F15708900418E21 /* Frameworks */ = {
			isa = PBXGroup;
			children = (
				31132E9D2F15708900418E21 /* Cocoa.framework */,
				31132E9F2F15708900418E21 /* XcodeKit.framework */,
			);
			name = Frameworks;
			sourceTree = "<group>";
		};
		31E5594A2F1503C800757A8D = {
			isa = PBXGroup;
			children = (
				31E559552F1503C800757A8D /* AppleiChat */,
				31E559632F1503CA00757A8D /* AppleiChatTests */,
				31E5596D2F1503CA00757A8D /* AppleiChatUITests */,
				31132EA12F15708900418E21 /* AppleiCode */,
				31132E9C2F15708900418E21 /* Frameworks */,
				31E559542F1503C800757A8D /* Products */,
			);
			sourceTree = "<group>";
		};
		31E559542F1503C800757A8D /* Products */ = {
			isa = PBXGroup;
			children = (
				31E559532F1503C800757A8D /* AppleiChat.app */,
				31E559602F1503CA00757A8D /* AppleiChatTests.xctest */,
				31E5596A2F1503CA00757A8D /* AppleiChatUITests.xctest */,
				31132E9B2F15708800418E21 /* AppleiCode.appex */,
			);
			name = Products;
			sourceTree = "<group>";
		};
/* End PBXGroup section */

/* Begin PBXNativeTarget section */
		31132E9A2F15708800418E21 /* AppleiCode */ = {
			isa = PBXNativeTarget;
			buildConfigurationList = 31132EAE2F15708900418E21 /* Build configuration list for PBXNativeTarget "AppleiCode" */;
			buildPhases = (
				31132E972F15708800418E21 /* Sources */,
				31132E982F15708800418E21 /* Frameworks */,
				31132E992F15708800418E21 /* Resources */,
			);
			buildRules = (
			);
			dependencies = (
			);
			fileSystemSynchronizedGroups = (
				31132EA12F15708900418E21 /* AppleiCode */,
			);
			name = AppleiCode;
			packageProductDependencies = (
			);
			productName = AppleiCode;
			productReference = 31132E9B2F15708800418E21 /* AppleiCode.appex */;
			productType = "com.apple.product-type.xcode-extension";
		};
		31E559522F1503C800757A8D /* AppleiChat */ = {
			isa = PBXNativeTarget;
			buildConfigurationList = 31E559742F1503CA00757A8D /* Build configuration list for PBXNativeTarget "AppleiChat" */;
			buildPhases = (
				31E5594F2F1503C800757A8D /* Sources */,
				31E559502F1503C800757A8D /* Frameworks */,
				31E559512F1503C800757A8D /* Resources */,
				31132EAA2F15708900418E21 /* Embed Foundation Extensions */,
			);
			buildRules = (
			);
			dependencies = (
				31132EA82F15708900418E21 /* PBXTargetDependency */,
			);
			fileSystemSynchronizedGroups = (
				31E559552F1503C800757A8D /* AppleiChat */,
			);
			name = AppleiChat;
			packageProductDependencies = (
			);
			productName = AppleiChat;
			productReference = 31E559532F1503C800757A8D /* AppleiChat.app */;
			productType = "com.apple.product-type.application";
		};
		31E5595F2F1503CA00757A8D /* AppleiChatTests */ = {
			isa = PBXNativeTarget;
			buildConfigurationList = 31E559772F1503CA00757A8D /* Build configuration list for PBXNativeTarget "AppleiChatTests" */;
			buildPhases = (
				31E5595C2F1503CA00757A8D /* Sources */,
				31E5595D2F1503CA00757A8D /* Frameworks */,
				31E5595E2F1503CA00757A8D /* Resources */,
			);
			buildRules = (
			);
			dependencies = (
				31E559622F1503CA00757A8D /* PBXTargetDependency */,
			);
			fileSystemSynchronizedGroups = (
				31E559632F1503CA00757A8D /* AppleiChatTests */,
			);
			name = AppleiChatTests;
			packageProductDependencies = (
			);
			productName = AppleiChatTests;
			productReference = 31E559602F1503CA00757A8D /* AppleiChatTests.xctest */;
			productType = "com.apple.product-type.bundle.unit-test";
		};
		31E559692F1503CA00757A8D /* AppleiChatUITests */ = {
			isa = PBXNativeTarget;
			buildConfigurationList = 31E5597A2F1503CA00757A8D /* Build configuration list for PBXNativeTarget "AppleiChatUITests" */;
			buildPhases = (
				31E559662F1503CA00757A8D /* Sources */,
				31E559672F1503CA00757A8D /* Frameworks */,
				31E559682F1503CA00757A8D /* Resources */,
			);
			buildRules = (
			);
			dependencies = (
				31E5596C2F1503CA00757A8D /* PBXTargetDependency */,
			);
			fileSystemSynchronizedGroups = (
				31E5596D2F1503CA00757A8D /* AppleiChatUITests */,
			);
			name = AppleiChatUITests;
			packageProductDependencies = (
			);
			productName = AppleiChatUITests;
			productReference = 31E5596A2F1503CA00757A8D /* AppleiChatUITests.xctest */;
			productType = "com.apple.product-type.bundle.ui-testing";
		};
/* End PBXNativeTarget section */

/* Begin PBXProject section */
		31E5594B2F1503C800757A8D /* Project object */ = {
			isa = PBXProject;
			attributes = {
				BuildIndependentTargetsInParallel = 1;
				LastSwiftUpdateCheck = 2620;
				LastUpgradeCheck = 2620;
				TargetAttributes = {
					31132E9A2F15708800418E21 = {
						CreatedOnToolsVersion = 26.2;
					};
					31E559522F1503C800757A8D = {
						CreatedOnToolsVersion = 26.2;
					};
					31E5595F2F1503CA00757A8D = {
						CreatedOnToolsVersion = 26.2;
						TestTargetID = 31E559522F1503C800757A8D;
					};
					31E559692F1503CA00757A8D = {
						CreatedOnToolsVersion = 26.2;
						TestTargetID = 31E559522F1503C800757A8D;
					};
				};
			};
			buildConfigurationList = 31E5594E2F1503C800757A8D /* Build configuration list for PBXProject "AppleiChat" */;
			developmentRegion = en;
			hasScannedForEncodings = 0;
			knownRegions = (
				en,
				Base,
			);
			mainGroup = 31E5594A2F1503C800757A8D;
			minimizedProjectReferenceProxies = 1;
			preferredProjectObjectVersion = 77;
			productRefGroup = 31E559542F1503C800757A8D /* Products */;
			projectDirPath = "";
			projectRoot = "";
			targets = (
				31E559522F1503C800757A8D /* AppleiChat */,
				31E5595F2F1503CA00757A8D /* AppleiChatTests */,
				31E559692F1503CA00757A8D /* AppleiChatUITests */,
				31132E9A2F15708800418E21 /* AppleiCode */,
			);
		};
/* End PBXProject section */

/* Begin PBXResourcesBuildPhase section */
		31132E992F15708800418E21 /* Resources */ = {
			isa = PBXResourcesBuildPhase;
			buildActionMask = 2147483647;
			files = (
			);
			runOnlyForDeploymentPostprocessing = 0;
		};
		31E559512F1503C800757A8D /* Resources */ = {
			isa = PBXResourcesBuildPhase;
			buildActionMask = 2147483647;
			files = (
			);
			runOnlyForDeploymentPostprocessing = 0;
		};
		31E5595E2F1503CA00757A8D /* Resources */ = {
			isa = PBXResourcesBuildPhase;
			buildActionMask = 2147483647;
			files = (
			);
			runOnlyForDeploymentPostprocessing = 0;
		};
		31E559682F1503CA00757A8D /* Resources */ = {
			isa = PBXResourcesBuildPhase;
			buildActionMask = 2147483647;
			files = (
			);
			runOnlyForDeploymentPostprocessing = 0;
		};
/* End PBXResourcesBuildPhase section */

/* Begin PBXSourcesBuildPhase section */
		31132E972F15708800418E21 /* Sources */ = {
			isa = PBXSourcesBuildPhase;
			buildActionMask = 2147483647;
			files = (
			);
			runOnlyForDeploymentPostprocessing = 0;
		};
		31E5594F2F1503C800757A8D /* Sources */ = {
			isa = PBXSourcesBuildPhase;
			buildActionMask = 2147483647;
			files = (
			);
			runOnlyForDeploymentPostprocessing = 0;
		};
		31E5595C2F1503CA00757A8D /* Sources */ = {
			isa = PBXSourcesBuildPhase;
			buildActionMask = 2147483647;
			files = (
			);
			runOnlyForDeploymentPostprocessing = 0;
		};
		31E559662F1503CA00757A8D /* Sources */ = {
			isa = PBXSourcesBuildPhase;
			buildActionMask = 2147483647;
			files = (
			);
			runOnlyForDeploymentPostprocessing = 0;
		};
/* End PBXSourcesBuildPhase section */

/* Begin PBXTargetDependency section */
		31132EA82F15708900418E21 /* PBXTargetDependency */ = {
			isa = PBXTargetDependency;
			target = 31132E9A2F15708800418E21 /* AppleiCode */;
			targetProxy = 31132EA72F15708900418E21 /* PBXContainerItemProxy */;
		};
		31E559622F1503CA00757A8D /* PBXTargetDependency */ = {
			isa = PBXTargetDependency;
			target = 31E559522F1503C800757A8D /* AppleiChat */;
			targetProxy = 31E559612F1503CA00757A8D /* PBXContainerItemProxy */;
		};
		31E5596C2F1503CA00757A8D /* PBXTargetDependency */ = {
			isa = PBXTargetDependency;
			target = 31E559522F1503C800757A8D /* AppleiChat */;
			targetProxy = 31E5596B2F1503CA00757A8D /* PBXContainerItemProxy */;
		};
/* End PBXTargetDependency section */

/* Begin XCBuildConfiguration section */
		31132EAB2F15708900418E21 /* Debug */ = {
			isa = XCBuildConfiguration;
			buildSettings = {
				CODE_SIGN_STYLE = Automatic;
				COMBINE_HIDPI_IMAGES = YES;
				CURRENT_PROJECT_VERSION = 1;
				DEVELOPMENT_TEAM = N2V5RLPP86;
				ENABLE_APP_SANDBOX = YES;
				ENABLE_HARDENED_RUNTIME = YES;
				GENERATE_INFOPLIST_FILE = YES;
				INFOPLIST_FILE = AppleiCode/Info.plist;
				INFOPLIST_KEY_CFBundleDisplayName = AppleiCode;
				INFOPLIST_KEY_NSHumanReadableCopyright = "";
				LD_RUNPATH_SEARCH_PATHS = (
					"$(inherited)",
					"@executable_path/../Frameworks",
					"@executable_path/../../../../Frameworks",
				);
				MARKETING_VERSION = 1.0;
				PRODUCT_BUNDLE_IDENTIFIER = com.Denn.AppleiChat.AppleiCode;
				PRODUCT_NAME = "$(TARGET_NAME)";
				SKIP_INSTALL = YES;
				STRING_CATALOG_GENERATE_SYMBOLS = YES;
				SWIFT_APPROACHABLE_CONCURRENCY = YES;
				SWIFT_EMIT_LOC_STRINGS = YES;
				SWIFT_UPCOMING_FEATURE_MEMBER_IMPORT_VISIBILITY = YES;
				SWIFT_VERSION = 5.0;
			};
			name = Debug;
		};
		31132EAC2F15708900418E21 /* Release */ = {
			isa = XCBuildConfiguration;
			buildSettings = {
				CODE_SIGN_STYLE = Automatic;
				COMBINE_HIDPI_IMAGES = YES;
				CURRENT_PROJECT_VERSION = 1;
				DEVELOPMENT_TEAM = N2V5RLPP86;
				ENABLE_APP_SANDBOX = YES;
				ENABLE_HARDENED_RUNTIME = YES;
				GENERATE_INFOPLIST_FILE = YES;
				INFOPLIST_FILE = AppleiCode/Info.plist;
				INFOPLIST_KEY_CFBundleDisplayName = AppleiCode;
				INFOPLIST_KEY_NSHumanReadableCopyright = "";
				LD_RUNPATH_SEARCH_PATHS = (
					"$(inherited)",
					"@executable_path/../Frameworks",
					"@executable_path/../../../../Frameworks",
				);
				MARKETING_VERSION = 1.0;
				PRODUCT_BUNDLE_IDENTIFIER = com.Denn.AppleiChat.AppleiCode;
				PRODUCT_NAME = "$(TARGET_NAME)";
				SKIP_INSTALL = YES;
				STRING_CATALOG_GENERATE_SYMBOLS = YES;
				SWIFT_APPROACHABLE_CONCURRENCY = YES;
				SWIFT_EMIT_LOC_STRINGS = YES;
				SWIFT_UPCOMING_FEATURE_MEMBER_IMPORT_VISIBILITY = YES;
				SWIFT_VERSION = 5.0;
			};
			name = Release;
		};
		31E559722F1503CA00757A8D /* Debug */ = {
			isa = XCBuildConfiguration;
			buildSettings = {
				ALWAYS_SEARCH_USER_PATHS = NO;
				ASSETCATALOG_COMPILER_GENERATE_SWIFT_ASSET_SYMBOL_EXTENSIONS = YES;
				CLANG_ANALYZER_NONNULL = YES;
				CLANG_ANALYZER_NUMBER_OBJECT_CONVERSION = YES_AGGRESSIVE;
				CLANG_CXX_LANGUAGE_STANDARD = "gnu++20";
				CLANG_ENABLE_MODULES = YES;
				CLANG_ENABLE_OBJC_ARC = YES;
				CLANG_ENABLE_OBJC_WEAK = YES;
				CLANG_WARN_BLOCK_CAPTURE_AUTORELEASING = YES;
				CLANG_WARN_BOOL_CONVERSION = YES;
				CLANG_WARN_COMMA = YES;
				CLANG_WARN_CONSTANT_CONVERSION = YES;
				CLANG_WARN_DEPRECATED_OBJC_IMPLEMENTATIONS = YES;
				CLANG_WARN_DIRECT_OBJC_ISA_USAGE = YES_ERROR;
				CLANG_WARN_DOCUMENTATION_COMMENTS = YES;
				CLANG_WARN_EMPTY_BODY = YES;
				CLANG_WARN_ENUM_CONVERSION = YES;
				CLANG_WARN_INFINITE_RECURSION = YES;
				CLANG_WARN_INT_CONVERSION = YES;
				CLANG_WARN_NON_LITERAL_NULL_CONVERSION = YES;
				CLANG_WARN_OBJC_IMPLICIT_RETAIN_SELF = YES;
				CLANG_WARN_OBJC_LITERAL_CONVERSION = YES;
				CLANG_WARN_OBJC_ROOT_CLASS = YES_ERROR;
				CLANG_WARN_QUOTED_INCLUDE_IN_FRAMEWORK_HEADER = YES;
				CLANG_WARN_RANGE_LOOP_ANALYSIS = YES;
				CLANG_WARN_STRICT_PROTOTYPES = YES;
				CLANG_WARN_SUSPICIOUS_MOVE = YES;
				CLANG_WARN_UNGUARDED_AVAILABILITY = YES_AGGRESSIVE;
				CLANG_WARN_UNREACHABLE_CODE = YES;
				CLANG_WARN__DUPLICATE_METHOD_MATCH = YES;
				COPY_PHASE_STRIP = NO;
				DEBUG_INFORMATION_FORMAT = dwarf;
				DEVELOPMENT_TEAM = N2V5RLPP86;
				ENABLE_STRICT_OBJC_MSGSEND = YES;
				ENABLE_TESTABILITY = YES;
				ENABLE_USER_SCRIPT_SANDBOXING = YES;
				GCC_C_LANGUAGE_STANDARD = gnu17;
				GCC_DYNAMIC_NO_PIC = NO;
				GCC_NO_COMMON_BLOCKS = YES;
				GCC_OPTIMIZATION_LEVEL = 0;
				GCC_PREPROCESSOR_DEFINITIONS = (
					"DEBUG=1",
					"$(inherited)",
				);
				GCC_WARN_64_TO_32_BIT_CONVERSION = YES;
				GCC_WARN_ABOUT_RETURN_TYPE = YES_ERROR;
				GCC_WARN_UNDECLARED_SELECTOR = YES;
				GCC_WARN_UNINITIALIZED_AUTOS = YES_AGGRESSIVE;
				GCC_WARN_UNUSED_FUNCTION = YES;
				GCC_WARN_UNUSED_VARIABLE = YES;
				LOCALIZATION_PREFERS_STRING_CATALOGS = YES;
				MACOSX_DEPLOYMENT_TARGET = 26.2;
				MTL_ENABLE_DEBUG_INFO = INCLUDE_SOURCE;
				MTL_FAST_MATH = YES;
				ONLY_ACTIVE_ARCH = YES;
				SDKROOT = macosx;
				SWIFT_ACTIVE_COMPILATION_CONDITIONS = "DEBUG $(inherited)";
				SWIFT_OPTIMIZATION_LEVEL = "-Onone";
			};
			name = Debug;
		};
		31E559732F1503CA00757A8D /* Release */ = {
			isa = XCBuildConfiguration;
			buildSettings = {
				ALWAYS_SEARCH_USER_PATHS = NO;
				ASSETCATALOG_COMPILER_GENERATE_SWIFT_ASSET_SYMBOL_EXTENSIONS = YES;
				CLANG_ANALYZER_NONNULL = YES;
				CLANG_ANALYZER_NUMBER_OBJECT_CONVERSION = YES_AGGRESSIVE;
				CLANG_CXX_LANGUAGE_STANDARD = "gnu++20";
				CLANG_ENABLE_MODULES = YES;
				CLANG_ENABLE_OBJC_ARC = YES;
				CLANG_ENABLE_OBJC_WEAK = YES;
				CLANG_WARN_BLOCK_CAPTURE_AUTORELEASING = YES;
				CLANG_WARN_BOOL_CONVERSION = YES;
				CLANG_WARN_COMMA = YES;
				CLANG_WARN_CONSTANT_CONVERSION = YES;
				CLANG_WARN_DEPRECATED_OBJC_IMPLEMENTATIONS = YES;
				CLANG_WARN_DIRECT_OBJC_ISA_USAGE = YES_ERROR;
				CLANG_WARN_DOCUMENTATION_COMMENTS = YES;
				CLANG_WARN_EMPTY_BODY = YES;
				CLANG_WARN_ENUM_CONVERSION = YES;
				CLANG_WARN_INFINITE_RECURSION = YES;
				CLANG_WARN_INT_CONVERSION = YES;
				CLANG_WARN_NON_LITERAL_NULL_CONVERSION = YES;
				CLANG_WARN_OBJC_IMPLICIT_RETAIN_SELF = YES;
				CLANG_WARN_OBJC_LITERAL_CONVERSION = YES;
				CLANG_WARN_OBJC_ROOT_CLASS = YES_ERROR;
				CLANG_WARN_QUOTED_INCLUDE_IN_FRAMEWORK_HEADER = YES;
				CLANG_WARN_RANGE_LOOP_ANALYSIS = YES;
				CLANG_WARN_STRICT_PROTOTYPES = YES;
				CLANG_WARN_SUSPICIOUS_MOVE = YES;
				CLANG_WARN_UNGUARDED_AVAILABILITY = YES_AGGRESSIVE;
				CLANG_WARN_UNREACHABLE_CODE = YES;
				CLANG_WARN__DUPLICATE_METHOD_MATCH = YES;
				COPY_PHASE_STRIP = NO;
				DEBUG_INFORMATION_FORMAT = "dwarf-with-dsym";
				DEVELOPMENT_TEAM = N2V5RLPP86;
				ENABLE_NS_ASSERTIONS = NO;
				ENABLE_STRICT_OBJC_MSGSEND = YES;
				ENABLE_USER_SCRIPT_SANDBOXING = YES;
				GCC_C_LANGUAGE_STANDARD = gnu17;
				GCC_NO_COMMON_BLOCKS = YES;
				GCC_WARN_64_TO_32_BIT_CONVERSION = YES;
				GCC_WARN_ABOUT_RETURN_TYPE = YES_ERROR;
				GCC_WARN_UNDECLARED_SELECTOR = YES;
				GCC_WARN_UNINITIALIZED_AUTOS = YES_AGGRESSIVE;
				GCC_WARN_UNUSED_FUNCTION = YES;
				GCC_WARN_UNUSED_VARIABLE = YES;
				LOCALIZATION_PREFERS_STRING_CATALOGS = YES;
				MACOSX_DEPLOYMENT_TARGET = 26.2;
				MTL_ENABLE_DEBUG_INFO = NO;
				MTL_FAST_MATH = YES;
				SDKROOT = macosx;
				SWIFT_COMPILATION_MODE = wholemodule;
			};
			name = Release;
		};
		31E559752F1503CA00757A8D /* Debug */ = {
			isa = XCBuildConfiguration;
			buildSettings = {
				ASSETCATALOG_COMPILER_APPICON_NAME = AppIcon;
				ASSETCATALOG_COMPILER_GLOBAL_ACCENT_COLOR_NAME = AccentColor;
				CODE_SIGN_STYLE = Automatic;
				COMBINE_HIDPI_IMAGES = YES;
				CURRENT_PROJECT_VERSION = 1;
				DEVELOPMENT_TEAM = N2V5RLPP86;
				ENABLE_APP_SANDBOX = YES;
				ENABLE_HARDENED_RUNTIME = YES;
				ENABLE_PREVIEWS = YES;
				ENABLE_USER_SELECTED_FILES = readonly;
				GENERATE_INFOPLIST_FILE = YES;
				INFOPLIST_KEY_NSHumanReadableCopyright = "";
				LD_RUNPATH_SEARCH_PATHS = (
					"$(inherited)",
					"@executable_path/../Frameworks",
				);
				MARKETING_VERSION = 1.0;
				PRODUCT_BUNDLE_IDENTIFIER = com.Denn.AppleiChat;
				PRODUCT_NAME = "$(TARGET_NAME)";
				REGISTER_APP_GROUPS = YES;
				STRING_CATALOG_GENERATE_SYMBOLS = YES;
				SWIFT_APPROACHABLE_CONCURRENCY = YES;
				SWIFT_DEFAULT_ACTOR_ISOLATION = MainActor;
				SWIFT_EMIT_LOC_STRINGS = YES;
				SWIFT_UPCOMING_FEATURE_MEMBER_IMPORT_VISIBILITY = YES;
				SWIFT_VERSION = 5.0;
			};
			name = Debug;
		};
		31E559762F1503CA00757A8D /* Release */ = {
			isa = XCBuildConfiguration;
			buildSettings = {
				ASSETCATALOG_COMPILER_APPICON_NAME = AppIcon;
				ASSETCATALOG_COMPILER_GLOBAL_ACCENT_COLOR_NAME = AccentColor;
				CODE_SIGN_STYLE = Automatic;
				COMBINE_HIDPI_IMAGES = YES;
				CURRENT_PROJECT_VERSION = 1;
				DEVELOPMENT_TEAM = N2V5RLPP86;
				ENABLE_APP_SANDBOX = YES;
				ENABLE_HARDENED_RUNTIME = YES;
				ENABLE_PREVIEWS = YES;
				ENABLE_USER_SELECTED_FILES = readonly;
				GENERATE_INFOPLIST_FILE = YES;
				INFOPLIST_KEY_NSHumanReadableCopyright = "";
				LD_RUNPATH_SEARCH_PATHS = (
					"$(inherited)",
					"@executable_path/../Frameworks",
				);
				MARKETING_VERSION = 1.0;
				PRODUCT_BUNDLE_IDENTIFIER = com.Denn.AppleiChat;
				PRODUCT_NAME = "$(TARGET_NAME)";
				REGISTER_APP_GROUPS = YES;
				STRING_CATALOG_GENERATE_SYMBOLS = YES;
				SWIFT_APPROACHABLE_CONCURRENCY = YES;
				SWIFT_DEFAULT_ACTOR_ISOLATION = MainActor;
				SWIFT_EMIT_LOC_STRINGS = YES;
				SWIFT_UPCOMING_FEATURE_MEMBER_IMPORT_VISIBILITY = YES;
				SWIFT_VERSION = 5.0;
			};
			name = Release;
		};
		31E559782F1503CA00757A8D /* Debug */ = {
			isa = XCBuildConfiguration;
			buildSettings = {
				BUNDLE_LOADER = "$(TEST_HOST)";
				CODE_SIGN_STYLE = Automatic;
				CURRENT_PROJECT_VERSION = 1;
				DEVELOPMENT_TEAM = N2V5RLPP86;
				GENERATE_INFOPLIST_FILE = YES;
				MACOSX_DEPLOYMENT_TARGET = 26.2;
				MARKETING_VERSION = 1.0;
				PRODUCT_BUNDLE_IDENTIFIER = com.Denn.AppleiChatTests;
				PRODUCT_NAME = "$(TARGET_NAME)";
				STRING_CATALOG_GENERATE_SYMBOLS = NO;
				SWIFT_APPROACHABLE_CONCURRENCY = YES;
				SWIFT_EMIT_LOC_STRINGS = NO;
				SWIFT_UPCOMING_FEATURE_MEMBER_IMPORT_VISIBILITY = YES;
				SWIFT_VERSION = 5.0;
				TEST_HOST = "$(BUILT_PRODUCTS_DIR)/AppleiChat.app/$(BUNDLE_EXECUTABLE_FOLDER_PATH)/AppleiChat";
			};
			name = Debug;
		};
		31E559792F1503CA00757A8D /* Release */ = {
			isa = XCBuildConfiguration;
			buildSettings = {
				BUNDLE_LOADER = "$(TEST_HOST)";
				CODE_SIGN_STYLE = Automatic;
				CURRENT_PROJECT_VERSION = 1;
				DEVELOPMENT_TEAM = N2V5RLPP86;
				GENERATE_INFOPLIST_FILE = YES;
				MACOSX_DEPLOYMENT_TARGET = 26.2;
				MARKETING_VERSION = 1.0;
				PRODUCT_BUNDLE_IDENTIFIER = com.Denn.AppleiChatTests;
				PRODUCT_NAME = "$(TARGET_NAME)";
				STRING_CATALOG_GENERATE_SYMBOLS = NO;
				SWIFT_APPROACHABLE_CONCURRENCY = YES;
				SWIFT_EMIT_LOC_STRINGS = NO;
				SWIFT_UPCOMING_FEATURE_MEMBER_IMPORT_VISIBILITY = YES;
				SWIFT_VERSION = 5.0;
				TEST_HOST = "$(BUILT_PRODUCTS_DIR)/AppleiChat.app/$(BUNDLE_EXECUTABLE_FOLDER_PATH)/AppleiChat";
			};
			name = Release;
		};
		31E5597B2F1503CA00757A8D /* Debug */ = {
			isa = XCBuildConfiguration;
			buildSettings = {
				CODE_SIGN_STYLE = Automatic;
				CURRENT_PROJECT_VERSION = 1;
				DEVELOPMENT_TEAM = N2V5RLPP86;
				GENERATE_INFOPLIST_FILE = YES;
				MARKETING_VERSION = 1.0;
				PRODUCT_BUNDLE_IDENTIFIER = com.Denn.AppleiChatUITests;
				PRODUCT_NAME = "$(TARGET_NAME)";
				STRING_CATALOG_GENERATE_SYMBOLS = NO;
				SWIFT_APPROACHABLE_CONCURRENCY = YES;
				SWIFT_EMIT_LOC_STRINGS = NO;
				SWIFT_UPCOMING_FEATURE_MEMBER_IMPORT_VISIBILITY = YES;
				SWIFT_VERSION = 5.0;
				TEST_TARGET_NAME = AppleiChat;
			};
			name = Debug;
		};
		31E5597C2F1503CA00757A8D /* Release */ = {
			isa = XCBuildConfiguration;
			buildSettings = {
				CODE_SIGN_STYLE = Automatic;
				CURRENT_PROJECT_VERSION = 1;
				DEVELOPMENT_TEAM = N2V5RLPP86;
				GENERATE_INFOPLIST_FILE = YES;
				MARKETING_VERSION = 1.0;
				PRODUCT_BUNDLE_IDENTIFIER = com.Denn.AppleiChatUITests;
				PRODUCT_NAME = "$(TARGET_NAME)";
				STRING_CATALOG_GENERATE_SYMBOLS = NO;
				SWIFT_APPROACHABLE_CONCURRENCY = YES;
				SWIFT_EMIT_LOC_STRINGS = NO;
				SWIFT_UPCOMING_FEATURE_MEMBER_IMPORT_VISIBILITY = YES;
				SWIFT_VERSION = 5.0;
				TEST_TARGET_NAME = AppleiChat;
			};
			name = Release;
		};
/* End XCBuildConfiguration section */

/* Begin XCConfigurationList section */
		31132EAE2F15708900418E21 /* Build configuration list for PBXNativeTarget "AppleiCode" */ = {
			isa = XCConfigurationList;
			buildConfigurations = (
				31132EAB2F15708900418E21 /* Debug */,
				31132EAC2F15708900418E21 /* Release */,
			);
			defaultConfigurationIsVisible = 0;
			defaultConfigurationName = Release;
		};
		31E5594E2F1503C800757A8D /* Build configuration list for PBXProject "AppleiChat" */ = {
			isa = XCConfigurationList;
			buildConfigurations = (
				31E559722F1503CA00757A8D /* Debug */,
				31E559732F1503CA00757A8D /* Release */,
			);
			defaultConfigurationIsVisible = 0;
			defaultConfigurationName = Release;
		};
		31E559742F1503CA00757A8D /* Build configuration list for PBXNativeTarget "AppleiChat" */ = {
			isa = XCConfigurationList;
			buildConfigurations = (
				31E559752F1503CA00757A8D /* Debug */,
				31E559762F1503CA00757A8D /* Release */,
			);
			defaultConfigurationIsVisible = 0;
			defaultConfigurationName = Release;
		};
		31E559772F1503CA00757A8D /* Build configuration list for PBXNativeTarget "AppleiChatTests" */ = {
			isa = XCConfigurationList;
			buildConfigurations = (
				31E559782F1503CA00757A8D /* Debug */,
				31E559792F1503CA00757A8D /* Release */,
			);
			defaultConfigurationIsVisible = 0;
			defaultConfigurationName = Release;
		};
		31E5597A2F1503CA00757A8D /* Build configuration list for PBXNativeTarget "AppleiChatUITests" */ = {
			isa = XCConfigurationList;
			buildConfigurations = (
				31E5597B2F1503CA00757A8D /* Debug */,
				31E5597C2F1503CA00757A8D /* Release */,
			);
			defaultConfigurationIsVisible = 0;
			defaultConfigurationName = Release;
		};
/* End XCConfigurationList section */
	};
	rootObject = 31E5594B2F1503C800757A8D /* Project object */;
}
